GIT
  remote: https://github.com/buildkite/test-collector-ruby
  revision: 1176ad412b21845e54f9945b5e9684218f1331a3
  branch: per-execution-tags
  specs:
    buildkite-test_collector (2.8.0)

GEM
  remote: https://rubygems.org/
  specs:
    minitest (5.25.4)

PLATFORMS
  arm64-darwin-24
  ruby

DEPENDENCIES
  buildkite-test_collector!
  minitest

BUNDLED WITH
   2.6.2
